
Microsoft Visual Studio Solution File, Format Version 12.00
# Visual Studio Version 17
VisualStudioVersion = 17.4.33213.308
MinimumVisualStudioVersion = 10.0.40219.1
Project("{FAE04EC0-301F-11D3-BF4B-00C04F79EFBC}") = "Desolvo", "Desolvo\Desolvo.csproj", "{1C819550-DE22-403D-B744-45D492F6904F}"
EndProject
Global
	GlobalSection(SolutionConfigurationPlatforms) = preSolution
		Debug|Any CPU = Debug|Any CPU
		Release|Any CPU = Release|Any CPU
	EndGlobalSection
	GlobalSection(ProjectConfigurationPlatforms) = postSolution
		{1C819550-DE22-403D-B744-45D492F6904F}.Debug|Any CPU.ActiveCfg = Debug|Any CPU
		{1C819550-DE22-403D-B744-45D492F6904F}.Debug|Any CPU.Build.0 = Debug|Any CPU
		{1C819550-DE22-403D-B744-45D492F6904F}.Release|Any CPU.ActiveCfg = Release|Any CPU
		{1C819550-DE22-403D-B744-45D492F6904F}.Release|Any CPU.Build.0 = Release|Any CPU
	EndGlobalSection
	GlobalSection(SolutionProperties) = preSolution
		HideSolutionNode = FALSE
	EndGlobalSection
	GlobalSection(ExtensibilityGlobals) = postSolution
		SolutionGuid = {212600D4-1B6D-4269-A5F8-373EC4B401D9}
	EndGlobalSection
EndGlobal
